
Microsoft Visual Studio Solution File, Format Version 12.00
# Visual Studio Version 17
VisualStudioVersion = 17.14.36717.8 d17.14
MinimumVisualStudioVersion = 10.0.40219.1
Project("{FAE04EC0-301F-11D3-BF4B-00C04F79EFBC}") = "OoTMMTracker", "OoTMMTracker.csproj", "{BECA8197-DE44-8868-3DDC-88D6111D19DA}"
EndProject
Global
	GlobalSection(SolutionConfigurationPlatforms) = preSolution
		Debug|Any CPU = Debug|Any CPU
		Release|Any CPU = Release|Any CPU
	EndGlobalSection
	GlobalSection(ProjectConfigurationPlatforms) = postSolution
		{BECA8197-DE44-8868-3DDC-88D6111D19DA}.Debug|Any CPU.ActiveCfg = Debug|Any CPU
		{BECA8197-DE44-8868-3DDC-88D6111D19DA}.Debug|Any CPU.Build.0 = Debug|Any CPU
		{BECA8197-DE44-8868-3DDC-88D6111D19DA}.Release|Any CPU.ActiveCfg = Release|Any CPU
		{BECA8197-DE44-8868-3DDC-88D6111D19DA}.Release|Any CPU.Build.0 = Release|Any CPU
	EndGlobalSection
	GlobalSection(SolutionProperties) = preSolution
		HideSolutionNode = FALSE
	EndGlobalSection
	GlobalSection(ExtensibilityGlobals) = postSolution
		SolutionGuid = {4FDF5008-3949-4080-9F4A-DEBC701DF1B4}
	EndGlobalSection
EndGlobal
